
Microsoft Visual Studio Solution File, Format Version 12.00
# Visual Studio Version 16
VisualStudioVersion = 16.0.31702.278
MinimumVisualStudioVersion = 10.0.40219.1
Project("{FAE04EC0-301F-11D3-BF4B-00C04F79EFBC}") = "ShopManagement", "ShopManagement.csproj", "{A3C20D86-85A5-4180-8BA1-7F7ECF05E7CC}"
EndProject
Global
	GlobalSection(SolutionConfigurationPlatforms) = preSolution
		Debug|Any CPU = Debug|Any CPU
		Release|Any CPU = Release|Any CPU
	EndGlobalSection
	GlobalSection(ProjectConfigurationPlatforms) = postSolution
		{A3C20D86-85A5-4180-8BA1-7F7ECF05E7CC}.Debug|Any CPU.ActiveCfg = Debug|Any CPU
		{A3C20D86-85A5-4180-8BA1-7F7ECF05E7CC}.Debug|Any CPU.Build.0 = Debug|Any CPU
		{A3C20D86-85A5-4180-8BA1-7F7ECF05E7CC}.Release|Any CPU.ActiveCfg = Release|Any CPU
		{A3C20D86-85A5-4180-8BA1-7F7ECF05E7CC}.Release|Any CPU.Build.0 = Release|Any CPU
	EndGlobalSection
	GlobalSection(SolutionProperties) = preSolution
		HideSolutionNode = FALSE
	EndGlobalSection
	GlobalSection(ExtensibilityGlobals) = postSolution
		SolutionGuid = {866CAAE0-28C3-4763-83FC-8CA560487AA5}
	EndGlobalSection
EndGlobal
