
Microsoft Visual Studio Solution File, Format Version 12.00
# Visual Studio Version 16
VisualStudioVersion = 16.0.31729.503
MinimumVisualStudioVersion = 10.0.40219.1
Project("{FAE04EC0-301F-11D3-BF4B-00C04F79EFBC}") = "Shop_Management_System(ORM Updated)", "Shop_Management_System(ORM Updated).csproj", "{CC5397FA-3B4A-4A46-B828-C7826C824AD4}"
EndProject
Global
	GlobalSection(SolutionConfigurationPlatforms) = preSolution
		Debug|Any CPU = Debug|Any CPU
		Release|Any CPU = Release|Any CPU
	EndGlobalSection
	GlobalSection(ProjectConfigurationPlatforms) = postSolution
		{CC5397FA-3B4A-4A46-B828-C7826C824AD4}.Debug|Any CPU.ActiveCfg = Debug|Any CPU
		{CC5397FA-3B4A-4A46-B828-C7826C824AD4}.Debug|Any CPU.Build.0 = Debug|Any CPU
		{CC5397FA-3B4A-4A46-B828-C7826C824AD4}.Release|Any CPU.ActiveCfg = Release|Any CPU
		{CC5397FA-3B4A-4A46-B828-C7826C824AD4}.Release|Any CPU.Build.0 = Release|Any CPU
	EndGlobalSection
	GlobalSection(SolutionProperties) = preSolution
		HideSolutionNode = FALSE
	EndGlobalSection
	GlobalSection(ExtensibilityGlobals) = postSolution
		SolutionGuid = {4D3DF7D0-B86B-4B76-8E93-53C9E8C4509B}
	EndGlobalSection
EndGlobal
